
Microsoft Visual Studio Solution File, Format Version 12.00
# Visual Studio Version 16
VisualStudioVersion = 16.0.30523.141
MinimumVisualStudioVersion = 10.0.40219.1
Project("{9A19103F-16F7-4668-BE54-9A1E7A4F7556}") = "Ludos.Engine.Demo", "Ludos.Engine.Demo\Ludos.Engine.Demo.csproj", "{C4F3BF3B-C6B3-4BEE-9044-E12504FCEB8D}"
EndProject
Project("{9A19103F-16F7-4668-BE54-9A1E7A4F7556}") = "FuncWorks.Mono.XTiled", "..\FuncWorks.Mono.XTiled\FuncWorks.Mono.XTiled\FuncWorks.Mono.XTiled.csproj", "{98F2B3B1-14D6-4DF4-8275-A90F9DE9EBCC}"
EndProject
Project("{9A19103F-16F7-4668-BE54-9A1E7A4F7556}") = "Ludos.Engine", "..\Ludos.Engine\Ludos.Engine\Ludos.Engine.csproj", "{3DE104FE-AD92-4420-AA07-A43E5BD2C7A1}"
EndProject
Global
	GlobalSection(SolutionConfigurationPlatforms) = preSolution
		Debug|Any CPU = Debug|Any CPU
		Release|Any CPU = Release|Any CPU
	EndGlobalSection
	GlobalSection(ProjectConfigurationPlatforms) = postSolution
		{C4F3BF3B-C6B3-4BEE-9044-E12504FCEB8D}.Debug|Any CPU.ActiveCfg = Debug|Any CPU
		{C4F3BF3B-C6B3-4BEE-9044-E12504FCEB8D}.Debug|Any CPU.Build.0 = Debug|Any CPU
		{C4F3BF3B-C6B3-4BEE-9044-E12504FCEB8D}.Release|Any CPU.ActiveCfg = Release|Any CPU
		{C4F3BF3B-C6B3-4BEE-9044-E12504FCEB8D}.Release|Any CPU.Build.0 = Release|Any CPU
		{98F2B3B1-14D6-4DF4-8275-A90F9DE9EBCC}.Debug|Any CPU.ActiveCfg = Debug|Any CPU
		{98F2B3B1-14D6-4DF4-8275-A90F9DE9EBCC}.Debug|Any CPU.Build.0 = Debug|Any CPU
		{98F2B3B1-14D6-4DF4-8275-A90F9DE9EBCC}.Release|Any CPU.ActiveCfg = Release|Any CPU
		{98F2B3B1-14D6-4DF4-8275-A90F9DE9EBCC}.Release|Any CPU.Build.0 = Release|Any CPU
		{3DE104FE-AD92-4420-AA07-A43E5BD2C7A1}.Debug|Any CPU.ActiveCfg = Debug|Any CPU
		{3DE104FE-AD92-4420-AA07-A43E5BD2C7A1}.Debug|Any CPU.Build.0 = Debug|Any CPU
		{3DE104FE-AD92-4420-AA07-A43E5BD2C7A1}.Release|Any CPU.ActiveCfg = Release|Any CPU
		{3DE104FE-AD92-4420-AA07-A43E5BD2C7A1}.Release|Any CPU.Build.0 = Release|Any CPU
	EndGlobalSection
	GlobalSection(SolutionProperties) = preSolution
		HideSolutionNode = FALSE
	EndGlobalSection
	GlobalSection(ExtensibilityGlobals) = postSolution
		SolutionGuid = {45484FF1-6A59-463F-AD92-AD8BDA957513}
	EndGlobalSection
EndGlobal
